// !$*UTF8*$!
{
	archiveVersion = 1;
	classes = {
	};
	objectVersion = 50;
	objects = {

/* Begin PBXBuildFile section */
		756CB73399C779EF8C86412D /* Pods_weight_tracker_3.framework in Frameworks */ = {isa = PBXBuildFile; fileRef = 4A8DB2329320ACAF2750B13C /* Pods_weight_tracker_3.framework */; };
		B547E8D221A34D88001F8297 /* FolloweeTableViewCell.swift in Sources */ = {isa = PBXBuildFile; fileRef = B547E8D121A34D88001F8297 /* FolloweeTableViewCell.swift */; };
		B547E8D821A4B165001F8297 /* FollowersTableViewController.swift in Sources */ = {isa = PBXBuildFile; fileRef = B547E8D721A4B165001F8297 /* FollowersTableViewController.swift */; };
		B547E8DA21A4B216001F8297 /* FollowerTableViewCell.swift in Sources */ = {isa = PBXBuildFile; fileRef = B547E8D921A4B216001F8297 /* FollowerTableViewCell.swift */; };
		B568F8442191FF9C00E4F663 /* WeighinTableViewCell.swift in Sources */ = {isa = PBXBuildFile; fileRef = B568F8432191FF9C00E4F663 /* WeighinTableViewCell.swift */; };
		B568F8462193834100E4F663 /* SettingsViewController.swift in Sources */ = {isa = PBXBuildFile; fileRef = B568F8452193834100E4F663 /* SettingsViewController.swift */; };
		B568F8482193946300E4F663 /* RegisterViewController.swift in Sources */ = {isa = PBXBuildFile; fileRef = B568F8472193946300E4F663 /* RegisterViewController.swift */; };
		B568F84A2194A5EB00E4F663 /* FirestoreDelegate.swift in Sources */ = {isa = PBXBuildFile; fileRef = B568F8492194A5EB00E4F663 /* FirestoreDelegate.swift */; };
		B568F84C2195D7B000E4F663 /* firestore.rules in Resources */ = {isa = PBXBuildFile; fileRef = B568F84B2195D7B000E4F663 /* firestore.rules */; };
		B58C151E21B1E39500E38933 /* index.js in Resources */ = {isa = PBXBuildFile; fileRef = B58C151D21B1E39400E38933 /* index.js */; };
		B5985B81219CC4A000E6DCD3 /* FolloweesTableViewController.swift in Sources */ = {isa = PBXBuildFile; fileRef = B5985B80219CC4A000E6DCD3 /* FolloweesTableViewController.swift */; };
		B5B458EE2187567500EE93E5 /* AppDelegate.swift in Sources */ = {isa = PBXBuildFile; fileRef = B5B458ED2187567500EE93E5 /* AppDelegate.swift */; };
		B5B458F02187567500EE93E5 /* HomeViewController.swift in Sources */ = {isa = PBXBuildFile; fileRef = B5B458EF2187567500EE93E5 /* HomeViewController.swift */; };
		B5B458F22187567500EE93E5 /* FollowViewController.swift in Sources */ = {isa = PBXBuildFile; fileRef = B5B458F12187567500EE93E5 /* FollowViewController.swift */; };
		B5B458F52187567500EE93E5 /* Main.storyboard in Resources */ = {isa = PBXBuildFile; fileRef = B5B458F32187567500EE93E5 /* Main.storyboard */; };
		B5B458F72187567900EE93E5 /* Assets.xcassets in Resources */ = {isa = PBXBuildFile; fileRef = B5B458F62187567900EE93E5 /* Assets.xcassets */; };
		B5B458FA2187567900EE93E5 /* LaunchScreen.storyboard in Resources */ = {isa = PBXBuildFile; fileRef = B5B458F82187567900EE93E5 /* LaunchScreen.storyboard */; };
		B5B459022187576C00EE93E5 /* LogViewController.swift in Sources */ = {isa = PBXBuildFile; fileRef = B5B459012187576C00EE93E5 /* LogViewController.swift */; };
		B5B4590421875B8300EE93E5 /* NewEntryViewController.swift in Sources */ = {isa = PBXBuildFile; fileRef = B5B4590321875B8300EE93E5 /* NewEntryViewController.swift */; };
		B5B45907218A1B8200EE93E5 /* GoogleService-Info.plist in Resources */ = {isa = PBXBuildFile; fileRef = B5B45906218A1B8100EE93E5 /* GoogleService-Info.plist */; };
		B5B45909218A1E2500EE93E5 /* LoginViewController.swift in Sources */ = {isa = PBXBuildFile; fileRef = B5B45908218A1E2500EE93E5 /* LoginViewController.swift */; };
/* End PBXBuildFile section */

/* Begin PBXFileReference section */
		0C6298E780C8D528B3187C6F /* Pods-weight-tracker-3.debug.xcconfig */ = {isa = PBXFileReference; includeInIndex = 1; lastKnownFileType = text.xcconfig; name = "Pods-weight-tracker-3.debug.xcconfig"; path = "Pods/Target Support Files/Pods-weight-tracker-3/Pods-weight-tracker-3.debug.xcconfig"; sourceTree = "<group>"; };
		4A8DB2329320ACAF2750B13C /* Pods_weight_tracker_3.framework */ = {isa = PBXFileReference; explicitFileType = wrapper.framework; includeInIndex = 0; path = Pods_weight_tracker_3.framework; sourceTree = BUILT_PRODUCTS_DIR; };
		B547E8D121A34D88001F8297 /* FolloweeTableViewCell.swift */ = {isa = PBXFileReference; lastKnownFileType = sourcecode.swift; path = FolloweeTableViewCell.swift; sourceTree = "<group>"; };
		B547E8D721A4B165001F8297 /* FollowersTableViewController.swift */ = {isa = PBXFileReference; lastKnownFileType = sourcecode.swift; path = FollowersTableViewController.swift; sourceTree = "<group>"; };
		B547E8D921A4B216001F8297 /* FollowerTableViewCell.swift */ = {isa = PBXFileReference; lastKnownFileType = sourcecode.swift; path = FollowerTableViewCell.swift; sourceTree = "<group>"; };
		B568F8432191FF9C00E4F663 /* WeighinTableViewCell.swift */ = {isa = PBXFileReference; lastKnownFileType = sourcecode.swift; path = WeighinTableViewCell.swift; sourceTree = "<group>"; };
		B568F8452193834100E4F663 /* SettingsViewController.swift */ = {isa = PBXFileReference; lastKnownFileType = sourcecode.swift; path = SettingsViewController.swift; sourceTree = "<group>"; };
		B568F8472193946300E4F663 /* RegisterViewController.swift */ = {isa = PBXFileReference; lastKnownFileType = sourcecode.swift; path = RegisterViewController.swift; sourceTree = "<group>"; };
		B568F8492194A5EB00E4F663 /* FirestoreDelegate.swift */ = {isa = PBXFileReference; lastKnownFileType = sourcecode.swift; path = FirestoreDelegate.swift; sourceTree = "<group>"; };
		B568F84B2195D7B000E4F663 /* firestore.rules */ = {isa = PBXFileReference; fileEncoding = 4; lastKnownFileType = text; path = firestore.rules; sourceTree = SOURCE_ROOT; };
		B58C151D21B1E39400E38933 /* index.js */ = {isa = PBXFileReference; fileEncoding = 4; lastKnownFileType = sourcecode.javascript; name = index.js; path = functions/index.js; sourceTree = "<group>"; };
		B5985B80219CC4A000E6DCD3 /* FolloweesTableViewController.swift */ = {isa = PBXFileReference; lastKnownFileType = sourcecode.swift; path = FolloweesTableViewController.swift; sourceTree = "<group>"; };
		B5B458EA2187567500EE93E5 /* weight-tracker-3.app */ = {isa = PBXFileReference; explicitFileType = wrapper.application; includeInIndex = 0; path = "weight-tracker-3.app"; sourceTree = BUILT_PRODUCTS_DIR; };
		B5B458ED2187567500EE93E5 /* AppDelegate.swift */ = {isa = PBXFileReference; lastKnownFileType = sourcecode.swift; path = AppDelegate.swift; sourceTree = "<group>"; };
		B5B458EF2187567500EE93E5 /* HomeViewController.swift */ = {isa = PBXFileReference; lastKnownFileType = sourcecode.swift; path = HomeViewController.swift; sourceTree = "<group>"; };
		B5B458F12187567500EE93E5 /* FollowViewController.swift */ = {isa = PBXFileReference; lastKnownFileType = sourcecode.swift; path = FollowViewController.swift; sourceTree = "<group>"; };
		B5B458F42187567500EE93E5 /* Base */ = {isa = PBXFileReference; lastKnownFileType = file.storyboard; name = Base; path = Base.lproj/Main.storyboard; sourceTree = "<group>"; };
		B5B458F62187567900EE93E5 /* Assets.xcassets */ = {isa = PBXFileReference; lastKnownFileType = folder.assetcatalog; path = Assets.xcassets; sourceTree = "<group>"; };
		B5B458F92187567900EE93E5 /* Base */ = {isa = PBXFileReference; lastKnownFileType = file.storyboard; name = Base; path = Base.lproj/LaunchScreen.storyboard; sourceTree = "<group>"; };
		B5B458FB2187567900EE93E5 /* Info.plist */ = {isa = PBXFileReference; lastKnownFileType = text.plist.xml; path = Info.plist; sourceTree = "<group>"; };
		B5B459012187576C00EE93E5 /* LogViewController.swift */ = {isa = PBXFileReference; lastKnownFileType = sourcecode.swift; path = LogViewController.swift; sourceTree = "<group>"; };
		B5B4590321875B8300EE93E5 /* NewEntryViewController.swift */ = {isa = PBXFileReference; lastKnownFileType = sourcecode.swift; path = NewEntryViewController.swift; sourceTree = "<group>"; };
		B5B45906218A1B8100EE93E5 /* GoogleService-Info.plist */ = {isa = PBXFileReference; fileEncoding = 4; lastKnownFileType = text.plist.xml; name = "GoogleService-Info.plist"; path = "../../../../Downloads/GoogleService-Info.plist"; sourceTree = "<group>"; };
		B5B45908218A1E2500EE93E5 /* LoginViewController.swift */ = {isa = PBXFileReference; lastKnownFileType = sourcecode.swift; path = LoginViewController.swift; sourceTree = "<group>"; };
		C27920053874D8DCDE721F8E /* Pods-weight-tracker-3.release.xcconfig */ = {isa = PBXFileReference; includeInIndex = 1; lastKnownFileType = text.xcconfig; name = "Pods-weight-tracker-3.release.xcconfig"; path = "Pods/Target Support Files/Pods-weight-tracker-3/Pods-weight-tracker-3.release.xcconfig"; sourceTree = "<group>"; };
/* End PBXFileReference section */

/* Begin PBXFrameworksBuildPhase section */
		B5B458E72187567500EE93E5 /* Frameworks */ = {
			isa = PBXFrameworksBuildPhase;
			buildActionMask = 2147483647;
			files = (
				756CB73399C779EF8C86412D /* Pods_weight_tracker_3.framework in Frameworks */,
			);
			runOnlyForDeploymentPostprocessing = 0;
		};
/* End PBXFrameworksBuildPhase section */

/* Begin PBXGroup section */
		3DF08215B46041974F09DCF6 /* Pods */ = {
			isa = PBXGroup;
			children = (
				0C6298E780C8D528B3187C6F /* Pods-weight-tracker-3.debug.xcconfig */,
				C27920053874D8DCDE721F8E /* Pods-weight-tracker-3.release.xcconfig */,
			);
			name = Pods;
			sourceTree = "<group>";
		};
		B568F84D2195D7E400E4F663 /* firestore */ = {
			isa = PBXGroup;
			children = (
				B58C151D21B1E39400E38933 /* index.js */,
				B568F84B2195D7B000E4F663 /* firestore.rules */,
			);
			name = firestore;
			sourceTree = "<group>";
		};
		B5B458E12187567400EE93E5 = {
			isa = PBXGroup;
			children = (
				B568F84D2195D7E400E4F663 /* firestore */,
				B5B458EC2187567500EE93E5 /* weight-tracker-3 */,
				B5B458EB2187567500EE93E5 /* Products */,
				3DF08215B46041974F09DCF6 /* Pods */,
				B84C0850BCEC78A71664C79B /* Frameworks */,
			);
			sourceTree = "<group>";
		};
		B5B458EB2187567500EE93E5 /* Products */ = {
			isa = PBXGroup;
			children = (
				B5B458EA2187567500EE93E5 /* weight-tracker-3.app */,
			);
			name = Products;
			sourceTree = "<group>";
		};
		B5B458EC2187567500EE93E5 /* weight-tracker-3 */ = {
			isa = PBXGroup;
			children = (
				B5B458ED2187567500EE93E5 /* AppDelegate.swift */,
				B568F8492194A5EB00E4F663 /* FirestoreDelegate.swift */,
				B5B45908218A1E2500EE93E5 /* LoginViewController.swift */,
				B568F8472193946300E4F663 /* RegisterViewController.swift */,
				B5B458EF2187567500EE93E5 /* HomeViewController.swift */,
				B5B459012187576C00EE93E5 /* LogViewController.swift */,
				B568F8432191FF9C00E4F663 /* WeighinTableViewCell.swift */,
				B5B4590321875B8300EE93E5 /* NewEntryViewController.swift */,
				B5B458F12187567500EE93E5 /* FollowViewController.swift */,
				B5985B80219CC4A000E6DCD3 /* FolloweesTableViewController.swift */,
				B547E8D121A34D88001F8297 /* FolloweeTableViewCell.swift */,
				B547E8D721A4B165001F8297 /* FollowersTableViewController.swift */,
				B547E8D921A4B216001F8297 /* FollowerTableViewCell.swift */,
				B568F8452193834100E4F663 /* SettingsViewController.swift */,
				B5B458F32187567500EE93E5 /* Main.storyboard */,
				B5B458F62187567900EE93E5 /* Assets.xcassets */,
				B5B458F82187567900EE93E5 /* LaunchScreen.storyboard */,
				B5B45906218A1B8100EE93E5 /* GoogleService-Info.plist */,
				B5B458FB2187567900EE93E5 /* Info.plist */,
			);
			path = "weight-tracker-3";
			sourceTree = "<group>";
		};
		B84C0850BCEC78A71664C79B /* Frameworks */ = {
			isa = PBXGroup;
			children = (
				4A8DB2329320ACAF2750B13C /* Pods_weight_tracker_3.framework */,
			);
			name = Frameworks;
			sourceTree = "<group>";
		};
/* End PBXGroup section */

/* Begin PBXNativeTarget section */
		B5B458E92187567500EE93E5 /* weight-tracker-3 */ = {
			isa = PBXNativeTarget;
			buildConfigurationList = B5B458FE2187567A00EE93E5 /* Build configuration list for PBXNativeTarget "weight-tracker-3" */;
			buildPhases = (
				39356694AD9A1FC9F0B6F2B9 /* [CP] Check Pods Manifest.lock */,
				B5B458E62187567500EE93E5 /* Sources */,
				B5B458E72187567500EE93E5 /* Frameworks */,
				B5B458E82187567500EE93E5 /* Resources */,
				DC77B0E77977F7D4C78FDFC4 /* [CP] Embed Pods Frameworks */,
			);
			buildRules = (
			);
			dependencies = (
			);
			name = "weight-tracker-3";
			productName = "weight-tracker-3";
			productReference = B5B458EA2187567500EE93E5 /* weight-tracker-3.app */;
			productType = "com.apple.product-type.application";
		};
/* End PBXNativeTarget section */

/* Begin PBXProject section */
		B5B458E22187567400EE93E5 /* Project object */ = {
			isa = PBXProject;
			attributes = {
				LastSwiftUpdateCheck = 1000;
				LastUpgradeCheck = 1000;
				ORGANIZATIONNAME = "Ben Noland";
				TargetAttributes = {
					B5B458E92187567500EE93E5 = {
						CreatedOnToolsVersion = 10.0;
					};
				};
			};
			buildConfigurationList = B5B458E52187567500EE93E5 /* Build configuration list for PBXProject "weight-tracker-3" */;
			compatibilityVersion = "Xcode 9.3";
			developmentRegion = en;
			hasScannedForEncodings = 0;
			knownRegions = (
				en,
				Base,
			);
			mainGroup = B5B458E12187567400EE93E5;
			productRefGroup = B5B458EB2187567500EE93E5 /* Products */;
			projectDirPath = "";
			projectRoot = "";
			targets = (
				B5B458E92187567500EE93E5 /* weight-tracker-3 */,
			);
		};
/* End PBXProject section */

/* Begin PBXResourcesBuildPhase section */
		B5B458E82187567500EE93E5 /* Resources */ = {
			isa = PBXResourcesBuildPhase;
			buildActionMask = 2147483647;
			files = (
				B5B458FA2187567900EE93E5 /* LaunchScreen.storyboard in Resources */,
				B568F84C2195D7B000E4F663 /* firestore.rules in Resources */,
				B5B45907218A1B8200EE93E5 /* GoogleService-Info.plist in Resources */,
				B58C151E21B1E39500E38933 /* index.js in Resources */,
				B5B458F72187567900EE93E5 /* Assets.xcassets in Resources */,
				B5B458F52187567500EE93E5 /* Main.storyboard in Resources */,
			);
			runOnlyForDeploymentPostprocessing = 0;
		};
/* End PBXResourcesBuildPhase section */

/* Begin PBXShellScriptBuildPhase section */
		39356694AD9A1FC9F0B6F2B9 /* [CP] Check Pods Manifest.lock */ = {
			isa = PBXShellScriptBuildPhase;
			buildActionMask = 2147483647;
			files = (
			);
			inputFileListPaths = (
			);
			inputPaths = (
				"${PODS_PODFILE_DIR_PATH}/Podfile.lock",
				"${PODS_ROOT}/Manifest.lock",
			);
			name = "[CP] Check Pods Manifest.lock";
			outputFileListPaths = (
			);
			outputPaths = (
				"$(DERIVED_FILE_DIR)/Pods-weight-tracker-3-checkManifestLockResult.txt",
			);
			runOnlyForDeploymentPostprocessing = 0;
			shellPath = /bin/sh;
			shellScript = "diff \"${PODS_PODFILE_DIR_PATH}/Podfile.lock\" \"${PODS_ROOT}/Manifest.lock\" > /dev/null\nif [ $? != 0 ] ; then\n    # print error to STDERR\n    echo \"error: The sandbox is not in sync with the Podfile.lock. Run 'pod install' or update your CocoaPods installation.\" >&2\n    exit 1\nfi\n# This output is used by Xcode 'outputs' to avoid re-running this script phase.\necho \"SUCCESS\" > \"${SCRIPT_OUTPUT_FILE_0}\"\n";
			showEnvVarsInLog = 0;
		};
		DC77B0E77977F7D4C78FDFC4 /* [CP] Embed Pods Frameworks */ = {
			isa = PBXShellScriptBuildPhase;
			buildActionMask = 2147483647;
			files = (
			);
			inputFileListPaths = (
			);
			inputPaths = (
				"${SRCROOT}/Pods/Target Support Files/Pods-weight-tracker-3/Pods-weight-tracker-3-frameworks.sh",
				"${BUILT_PRODUCTS_DIR}/BoringSSL/openssl.framework",
				"${BUILT_PRODUCTS_DIR}/GTMSessionFetcher/GTMSessionFetcher.framework",
				"${BUILT_PRODUCTS_DIR}/GoogleUtilities/GoogleUtilities.framework",
				"${BUILT_PRODUCTS_DIR}/Protobuf/Protobuf.framework",
				"${BUILT_PRODUCTS_DIR}/gRPC/GRPCClient.framework",
				"${BUILT_PRODUCTS_DIR}/gRPC-Core/grpc.framework",
				"${BUILT_PRODUCTS_DIR}/gRPC-ProtoRPC/ProtoRPC.framework",
				"${BUILT_PRODUCTS_DIR}/gRPC-RxLibrary/RxLibrary.framework",
				"${BUILT_PRODUCTS_DIR}/leveldb-library/leveldb.framework",
				"${BUILT_PRODUCTS_DIR}/nanopb/nanopb.framework",
			);
			name = "[CP] Embed Pods Frameworks";
			outputFileListPaths = (
			);
			outputPaths = (
				"${TARGET_BUILD_DIR}/${FRAMEWORKS_FOLDER_PATH}/openssl.framework",
				"${TARGET_BUILD_DIR}/${FRAMEWORKS_FOLDER_PATH}/GTMSessionFetcher.framework",
				"${TARGET_BUILD_DIR}/${FRAMEWORKS_FOLDER_PATH}/GoogleUtilities.framework",
				"${TARGET_BUILD_DIR}/${FRAMEWORKS_FOLDER_PATH}/Protobuf.framework",
				"${TARGET_BUILD_DIR}/${FRAMEWORKS_FOLDER_PATH}/GRPCClient.framework",
				"${TARGET_BUILD_DIR}/${FRAMEWORKS_FOLDER_PATH}/grpc.framework",
				"${TARGET_BUILD_DIR}/${FRAMEWORKS_FOLDER_PATH}/ProtoRPC.framework",
				"${TARGET_BUILD_DIR}/${FRAMEWORKS_FOLDER_PATH}/RxLibrary.framework",
				"${TARGET_BUILD_DIR}/${FRAMEWORKS_FOLDER_PATH}/leveldb.framework",
				"${TARGET_BUILD_DIR}/${FRAMEWORKS_FOLDER_PATH}/nanopb.framework",
			);
			runOnlyForDeploymentPostprocessing = 0;
			shellPath = /bin/sh;
			shellScript = "\"${SRCROOT}/Pods/Target Support Files/Pods-weight-tracker-3/Pods-weight-tracker-3-frameworks.sh\"\n";
			showEnvVarsInLog = 0;
		};
/* End PBXShellScriptBuildPhase section */

/* Begin PBXSourcesBuildPhase section */
		B5B458E62187567500EE93E5 /* Sources */ = {
			isa = PBXSourcesBuildPhase;
			buildActionMask = 2147483647;
			files = (
				B568F8482193946300E4F663 /* RegisterViewController.swift in Sources */,
				B5B45909218A1E2500EE93E5 /* LoginViewController.swift in Sources */,
				B5B4590421875B8300EE93E5 /* NewEntryViewController.swift in Sources */,
				B568F8442191FF9C00E4F663 /* WeighinTableViewCell.swift in Sources */,
				B5985B81219CC4A000E6DCD3 /* FolloweesTableViewController.swift in Sources */,
				B568F84A2194A5EB00E4F663 /* FirestoreDelegate.swift in Sources */,
				B5B458F22187567500EE93E5 /* FollowViewController.swift in Sources */,
				B5B458EE2187567500EE93E5 /* AppDelegate.swift in Sources */,
				B5B458F02187567500EE93E5 /* HomeViewController.swift in Sources */,
				B5B459022187576C00EE93E5 /* LogViewController.swift in Sources */,
				B547E8D821A4B165001F8297 /* FollowersTableViewController.swift in Sources */,
				B568F8462193834100E4F663 /* SettingsViewController.swift in Sources */,
				B547E8D221A34D88001F8297 /* FolloweeTableViewCell.swift in Sources */,
				B547E8DA21A4B216001F8297 /* FollowerTableViewCell.swift in Sources */,
			);
			runOnlyForDeploymentPostprocessing = 0;
		};
/* End PBXSourcesBuildPhase section */

/* Begin PBXVariantGroup section */
		B5B458F32187567500EE93E5 /* Main.storyboard */ = {
			isa = PBXVariantGroup;
			children = (
				B5B458F42187567500EE93E5 /* Base */,
			);
			name = Main.storyboard;
			sourceTree = "<group>";
		};
		B5B458F82187567900EE93E5 /* LaunchScreen.storyboard */ = {
			isa = PBXVariantGroup;
			children = (
				B5B458F92187567900EE93E5 /* Base */,
			);
			name = LaunchScreen.storyboard;
			sourceTree = "<group>";
		};
/* End PBXVariantGroup section */

/* Begin XCBuildConfiguration section */
		B5B458FC2187567900EE93E5 /* Debug */ = {
			isa = XCBuildConfiguration;
			buildSettings = {
				ALWAYS_SEARCH_USER_PATHS = NO;
				CLANG_ANALYZER_NONNULL = YES;
				CLANG_ANALYZER_NUMBER_OBJECT_CONVERSION = YES_AGGRESSIVE;
				CLANG_CXX_LANGUAGE_STANDARD = "gnu++14";
				CLANG_CXX_LIBRARY = "libc++";
				CLANG_ENABLE_MODULES = YES;
				CLANG_ENABLE_OBJC_ARC = YES;
				CLANG_ENABLE_OBJC_WEAK = YES;
				CLANG_WARN_BLOCK_CAPTURE_AUTORELEASING = YES;
				CLANG_WARN_BOOL_CONVERSION = YES;
				CLANG_WARN_COMMA = YES;
				CLANG_WARN_CONSTANT_CONVERSION = YES;
				CLANG_WARN_DEPRECATED_OBJC_IMPLEMENTATIONS = YES;
				CLANG_WARN_DIRECT_OBJC_ISA_USAGE = YES_ERROR;
				CLANG_WARN_DOCUMENTATION_COMMENTS = YES;
				CLANG_WARN_EMPTY_BODY = YES;
				CLANG_WARN_ENUM_CONVERSION = YES;
				CLANG_WARN_INFINITE_RECURSION = YES;
				CLANG_WARN_INT_CONVERSION = YES;
				CLANG_WARN_NON_LITERAL_NULL_CONVERSION = YES;
				CLANG_WARN_OBJC_IMPLICIT_RETAIN_SELF = YES;
				CLANG_WARN_OBJC_LITERAL_CONVERSION = YES;
				CLANG_WARN_OBJC_ROOT_CLASS = YES_ERROR;
				CLANG_WARN_RANGE_LOOP_ANALYSIS = YES;
				CLANG_WARN_STRICT_PROTOTYPES = YES;
				CLANG_WARN_SUSPICIOUS_MOVE = YES;
				CLANG_WARN_UNGUARDED_AVAILABILITY = YES_AGGRESSIVE;
				CLANG_WARN_UNREACHABLE_CODE = YES;
				CLANG_WARN__DUPLICATE_METHOD_MATCH = YES;
				CODE_SIGN_IDENTITY = "iPhone Developer";
				COPY_PHASE_STRIP = NO;
				DEBUG_INFORMATION_FORMAT = dwarf;
				ENABLE_STRICT_OBJC_MSGSEND = YES;
				ENABLE_TESTABILITY = YES;
				GCC_C_LANGUAGE_STANDARD = gnu11;
				GCC_DYNAMIC_NO_PIC = NO;
				GCC_NO_COMMON_BLOCKS = YES;
				GCC_OPTIMIZATION_LEVEL = 0;
				GCC_PREPROCESSOR_DEFINITIONS = (
					"DEBUG=1",
					"$(inherited)",
				);
				GCC_WARN_64_TO_32_BIT_CONVERSION = YES;
				GCC_WARN_ABOUT_RETURN_TYPE = YES_ERROR;
				GCC_WARN_UNDECLARED_SELECTOR = YES;
				GCC_WARN_UNINITIALIZED_AUTOS = YES_AGGRESSIVE;
				GCC_WARN_UNUSED_FUNCTION = YES;
				GCC_WARN_UNUSED_VARIABLE = YES;
				IPHONEOS_DEPLOYMENT_TARGET = 12.0;
				MTL_ENABLE_DEBUG_INFO = INCLUDE_SOURCE;
				MTL_FAST_MATH = YES;
				ONLY_ACTIVE_ARCH = YES;
				SDKROOT = iphoneos;
				SWIFT_ACTIVE_COMPILATION_CONDITIONS = DEBUG;
				SWIFT_OPTIMIZATION_LEVEL = "-Onone";
			};
			name = Debug;
		};
		B5B458FD2187567A00EE93E5 /* Release */ = {
			isa = XCBuildConfiguration;
			buildSettings = {
				ALWAYS_SEARCH_USER_PATHS = NO;
				CLANG_ANALYZER_NONNULL = YES;
				CLANG_ANALYZER_NUMBER_OBJECT_CONVERSION = YES_AGGRESSIVE;
				CLANG_CXX_LANGUAGE_STANDARD = "gnu++14";
				CLANG_CXX_LIBRARY = "libc++";
				CLANG_ENABLE_MODULES = YES;
				CLANG_ENABLE_OBJC_ARC = YES;
				CLANG_ENABLE_OBJC_WEAK = YES;
				CLANG_WARN_BLOCK_CAPTURE_AUTORELEASING = YES;
				CLANG_WARN_BOOL_CONVERSION = YES;
				CLANG_WARN_COMMA = YES;
				CLANG_WARN_CONSTANT_CONVERSION = YES;
				CLANG_WARN_DEPRECATED_OBJC_IMPLEMENTATIONS = YES;
				CLANG_WARN_DIRECT_OBJC_ISA_USAGE = YES_ERROR;
				CLANG_WARN_DOCUMENTATION_COMMENTS = YES;
				CLANG_WARN_EMPTY_BODY = YES;
				CLANG_WARN_ENUM_CONVERSION = YES;
				CLANG_WARN_INFINITE_RECURSION = YES;
				CLANG_WARN_INT_CONVERSION = YES;
				CLANG_WARN_NON_LITERAL_NULL_CONVERSION = YES;
				CLANG_WARN_OBJC_IMPLICIT_RETAIN_SELF = YES;
				CLANG_WARN_OBJC_LITERAL_CONVERSION = YES;
				CLANG_WARN_OBJC_ROOT_CLASS = YES_ERROR;
				CLANG_WARN_RANGE_LOOP_ANALYSIS = YES;
				CLANG_WARN_STRICT_PROTOTYPES = YES;
				CLANG_WARN_SUSPICIOUS_MOVE = YES;
				CLANG_WARN_UNGUARDED_AVAILABILITY = YES_AGGRESSIVE;
				CLANG_WARN_UNREACHABLE_CODE = YES;
				CLANG_WARN__DUPLICATE_METHOD_MATCH = YES;
				CODE_SIGN_IDENTITY = "iPhone Developer";
				COPY_PHASE_STRIP = NO;
				DEBUG_INFORMATION_FORMAT = "dwarf-with-dsym";
				ENABLE_NS_ASSERTIONS = NO;
				ENABLE_STRICT_OBJC_MSGSEND = YES;
				GCC_C_LANGUAGE_STANDARD = gnu11;
				GCC_NO_COMMON_BLOCKS = YES;
				GCC_WARN_64_TO_32_BIT_CONVERSION = YES;
				GCC_WARN_ABOUT_RETURN_TYPE = YES_ERROR;
				GCC_WARN_UNDECLARED_SELECTOR = YES;
				GCC_WARN_UNINITIALIZED_AUTOS = YES_AGGRESSIVE;
				GCC_WARN_UNUSED_FUNCTION = YES;
				GCC_WARN_UNUSED_VARIABLE = YES;
				IPHONEOS_DEPLOYMENT_TARGET = 12.0;
				MTL_ENABLE_DEBUG_INFO = NO;
				MTL_FAST_MATH = YES;
				SDKROOT = iphoneos;
				SWIFT_COMPILATION_MODE = wholemodule;
				SWIFT_OPTIMIZATION_LEVEL = "-O";
				VALIDATE_PRODUCT = YES;
			};
			name = Release;
		};
		B5B458FF2187567A00EE93E5 /* Debug */ = {
			isa = XCBuildConfiguration;
			baseConfigurationReference = 0C6298E780C8D528B3187C6F /* Pods-weight-tracker-3.debug.xcconfig */;
			buildSettings = {
				ASSETCATALOG_COMPILER_APPICON_NAME = AppIcon;
				CODE_SIGN_STYLE = Automatic;
				INFOPLIST_FILE = "weight-tracker-3/Info.plist";
				LD_RUNPATH_SEARCH_PATHS = (
					"$(inherited)",
					"@executable_path/Frameworks",
				);
				PRODUCT_BUNDLE_IDENTIFIER = "com.bennoland.weight-tracker-3";
				PRODUCT_NAME = "$(TARGET_NAME)";
				SWIFT_VERSION = 4.2;
				TARGETED_DEVICE_FAMILY = "1,2";
			};
			name = Debug;
		};
		B5B459002187567A00EE93E5 /* Release */ = {
			isa = XCBuildConfiguration;
			baseConfigurationReference = C27920053874D8DCDE721F8E /* Pods-weight-tracker-3.release.xcconfig */;
			buildSettings = {
				ASSETCATALOG_COMPILER_APPICON_NAME = AppIcon;
				CODE_SIGN_STYLE = Automatic;
				INFOPLIST_FILE = "weight-tracker-3/Info.plist";
				LD_RUNPATH_SEARCH_PATHS = (
					"$(inherited)",
					"@executable_path/Frameworks",
				);
				PRODUCT_BUNDLE_IDENTIFIER = "com.bennoland.weight-tracker-3";
				PRODUCT_NAME = "$(TARGET_NAME)";
				SWIFT_VERSION = 4.2;
				TARGETED_DEVICE_FAMILY = "1,2";
			};
			name = Release;
		};
/* End XCBuildConfiguration section */

/* Begin XCConfigurationList section */
		B5B458E52187567500EE93E5 /* Build configuration list for PBXProject "weight-tracker-3" */ = {
			isa = XCConfigurationList;
			buildConfigurations = (
				B5B458FC2187567900EE93E5 /* Debug */,
				B5B458FD2187567A00EE93E5 /* Release */,
			);
			defaultConfigurationIsVisible = 0;
			defaultConfigurationName = Release;
		};
		B5B458FE2187567A00EE93E5 /* Build configuration list for PBXNativeTarget "weight-tracker-3" */ = {
			isa = XCConfigurationList;
			buildConfigurations = (
				B5B458FF2187567A00EE93E5 /* Debug */,
				B5B459002187567A00EE93E5 /* Release */,
			);
			defaultConfigurationIsVisible = 0;
			defaultConfigurationName = Release;
		};
/* End XCConfigurationList section */
	};
	rootObject = B5B458E22187567400EE93E5 /* Project object */;
}
